
Microsoft Visual Studio Solution File, Format Version 12.00
# Visual Studio 15
VisualStudioVersion = 15.0.27130.2027
MinimumVisualStudioVersion = 10.0.40219.1
Project("{FAE04EC0-301F-11D3-BF4B-00C04F79EFBC}") = "D365DeveloperExtensions", "D365DeveloperExtensions\D365DeveloperExtensions.csproj", "{EE23D830-8EB4-4313-9971-53A44900C169}"
EndProject
Project("{2150E333-8FDC-42A3-9474-1A3956D46DE8}") = "ProjectTemplates", "ProjectTemplates", "{A6C39F2F-AD1B-49E7-A0E8-7B8357294EE4}"
EndProject
Project("{FAE04EC0-301F-11D3-BF4B-00C04F79EFBC}") = "CSharpPluginProject", "ProjectTemplates\CSharp\CSharpPluginProject\CSharpPluginProject.csproj", "{E982F569-FFA3-49A8-A47D-09CE6C546FAB}"
EndProject
Project("{FAE04EC0-301F-11D3-BF4B-00C04F79EFBC}") = "D365DeveloperExtensions.Core", "D365DeveloperExtensions.Core\D365DeveloperExtensions.Core.csproj", "{1FCFDED4-CC12-4275-ADDF-7E62B70743CB}"
EndProject
Project("{FAE04EC0-301F-11D3-BF4B-00C04F79EFBC}") = "NuGetRetriever", "NuGetRetriever\NuGetRetriever.csproj", "{BD5ABC7E-6459-4CFB-82BD-39643599A285}"
EndProject
Project("{FAE04EC0-301F-11D3-BF4B-00C04F79EFBC}") = "TemplateWizards", "TemplateWizards\TemplateWizards.csproj", "{7CC35EFB-7335-4AE1-8A54-317D071F9F12}"
EndProject
Project("{FAE04EC0-301F-11D3-BF4B-00C04F79EFBC}") = "WebResourceDeployer", "WebResourceDeployer\WebResourceDeployer.csproj", "{38094843-6EF7-49AE-B9BE-369949D9F673}"
EndProject
Project("{2150E333-8FDC-42A3-9474-1A3956D46DE8}") = "UnitTestProjects", "UnitTestProjects", "{347362E3-0529-4A7F-A49E-519E08378140}"
EndProject
Project("{FAE04EC0-301F-11D3-BF4B-00C04F79EFBC}") = "NuGetRetriever.Tests", "UnitTestProjects\NuGetRetriever.Tests\NuGetRetriever.Tests.csproj", "{899553DE-AC30-46DF-A1BD-53F64C90E01D}"
EndProject
Project("{FAE04EC0-301F-11D3-BF4B-00C04F79EFBC}") = "TemplateWizards.Tests", "UnitTestProjects\TemplateWizards.Tests\TemplateWizards.Tests.csproj", "{D0B3703E-EE5C-4F59-96E4-3B111D8F9279}"
EndProject
Project("{2150E333-8FDC-42A3-9474-1A3956D46DE8}") = "CSharp", "CSharp", "{F19ED035-AFA0-40A2-984E-CC3B56172015}"
EndProject
Project("{FAE04EC0-301F-11D3-BF4B-00C04F79EFBC}") = "CSharpWorkflowProject", "ProjectTemplates\CSharp\CSharpWorkflowProject\CSharpWorkflowProject.csproj", "{657F7CD2-9A6D-440D-AA39-A629E5190021}"
EndProject
Project("{FAE04EC0-301F-11D3-BF4B-00C04F79EFBC}") = "D365DeveloperExtensions.Core.Tests", "UnitTestProjects\D365DeveloperExtensions.Core.Tests\D365DeveloperExtensions.Core.Tests.csproj", "{40CCA5AF-458A-41C8-9B31-6294261B25E2}"
EndProject
Project("{FAE04EC0-301F-11D3-BF4B-00C04F79EFBC}") = "PluginDeployer", "PluginDeployer\PluginDeployer.csproj", "{64CA2809-ABE4-47A5-AB20-086578C1B847}"
EndProject
Project("{FAE04EC0-301F-11D3-BF4B-00C04F79EFBC}") = "SolutionPackager", "SolutionPackager\SolutionPackager.csproj", "{61219409-56AD-43DE-83FB-98301E3D785A}"
EndProject
Project("{FAE04EC0-301F-11D3-BF4B-00C04F79EFBC}") = "CSharpSolutionPackage", "ProjectTemplates\CSharp\CSharpSolutionPackage\CSharpSolutionPackage.csproj", "{C9AD3DE3-3F37-4949-8586-E59672F78922}"
EndProject
Project("{FAE04EC0-301F-11D3-BF4B-00C04F79EFBC}") = "CSharpConsole", "ProjectTemplates\CSharp\CSharpConsole\CSharpConsole.csproj", "{B34A5217-0F6D-493F-B6DD-BB5CF091AB99}"
EndProject
Project("{FAE04EC0-301F-11D3-BF4B-00C04F79EFBC}") = "CSharpPluginTestProject", "ProjectTemplates\CSharp\CSharpPluginTestProject\CSharpPluginTestProject.csproj", "{55CB04B5-E053-4504-8773-2E03C594E68A}"
EndProject
Project("{FAE04EC0-301F-11D3-BF4B-00C04F79EFBC}") = "CSharpWorkflowTestProject", "ProjectTemplates\CSharp\CSharpWorkflowTestProject\CSharpWorkflowTestProject.csproj", "{86938D85-3B55-47FF-97FC-225764B987A8}"
EndProject
Project("{2150E333-8FDC-42A3-9474-1A3956D46DE8}") = "ItemTemplates", "ItemTemplates", "{31DF01E8-DEB0-4516-B42F-C52595CEE170}"
EndProject
Project("{2150E333-8FDC-42A3-9474-1A3956D46DE8}") = "CSharp", "CSharp", "{82F6B320-0999-4183-B6E4-C0097A6E331C}"
EndProject
Project("{FAE04EC0-301F-11D3-BF4B-00C04F79EFBC}") = "CSharpPluginClass", "ItemTemplates\CSharp\CSharpPluginClass\CSharpPluginClass.csproj", "{0B7F7208-B7C4-4C79-BCBD-F5C0A46A5600}"
EndProject
Project("{FAE04EC0-301F-11D3-BF4B-00C04F79EFBC}") = "CSharpWorkflowClass", "ItemTemplates\CSharp\CSharpWorkflowClass\CSharpWorkflowClass.csproj", "{CD9BBF13-B6A5-4DC0-A698-D1C323A63CC9}"
EndProject
Project("{FAE04EC0-301F-11D3-BF4B-00C04F79EFBC}") = "PluginTraceViewer", "PluginTraceViewer\PluginTraceViewer.csproj", "{97AA7ED6-5020-44E4-88E9-7D63F49FA766}"
	ProjectSection(ProjectDependencies) = postProject
		{1FCFDED4-CC12-4275-ADDF-7E62B70743CB} = {1FCFDED4-CC12-4275-ADDF-7E62B70743CB}
	EndProjectSection
EndProject
Project("{FAE04EC0-301F-11D3-BF4B-00C04F79EFBC}") = "CrmIntellisense", "CrmIntellisense\CrmIntellisense.csproj", "{E616F209-2233-4DB6-9493-94184472B01C}"
EndProject
Project("{FAE04EC0-301F-11D3-BF4B-00C04F79EFBC}") = "CSharpSolutionPackagerMap", "ItemTemplates\CSharp\CSharpSolutionPackagerMap\CSharpSolutionPackagerMap.csproj", "{E8D7659C-BB6B-4FDF-B0D8-6E6007F4696F}"
EndProject
Project("{FAE04EC0-301F-11D3-BF4B-00C04F79EFBC}") = "CSharpSpklRegAttributes", "ItemTemplates\CSharp\CSharpSpklRegAttributes\CSharpSpklRegAttributes.csproj", "{A441E65D-EB41-4A68-90A4-E511BBA05A1A}"
EndProject
Project("{FAE04EC0-301F-11D3-BF4B-00C04F79EFBC}") = "CSharpSpklConfig", "ItemTemplates\CSharp\CSharpSpklConfig\CSharpSpklConfig.csproj", "{7AA29DBF-A2E3-4565-A84A-B7694617E15E}"
EndProject
Project("{FAE04EC0-301F-11D3-BF4B-00C04F79EFBC}") = "CSharpCustom", "ItemTemplates\CSharp\CSharpCustom\CSharpCustom.csproj", "{99EAC9D1-C05D-4CAC-867E-E4862017F488}"
EndProject
Project("{FAE04EC0-301F-11D3-BF4B-00C04F79EFBC}") = "CSharpWebResourceProject", "ProjectTemplates\CSharp\CSharpWebResourceProject\CSharpWebResourceProject.csproj", "{1010F340-28A3-44BA-93E7-77CC68A18E23}"
EndProject
Project("{FAE04EC0-301F-11D3-BF4B-00C04F79EFBC}") = "CSharpTypeScriptProject", "ProjectTemplates\CSharp\CSharpTypeScriptProject\CSharpTypeScriptProject.csproj", "{968A8896-7E98-4BD9-9D27-2B28FCF6CC67}"
EndProject
Project("{FAE04EC0-301F-11D3-BF4B-00C04F79EFBC}") = "CSharpSdkPluginBaseClass", "ItemTemplates\CSharp\CSharpSdkPluginBaseClass\CSharpSdkPluginBaseClass.csproj", "{9F7A8E0E-7091-4BB6-8225-9811A5C1985A}"
EndProject
Project("{FAE04EC0-301F-11D3-BF4B-00C04F79EFBC}") = "CSharpSdkPluginFromBaseClass", "ItemTemplates\CSharp\CSharpSdkPluginFromBaseClass\CSharpSdkPluginFromBaseClass.csproj", "{0680411B-7F53-4595-847A-5406BA93FA4E}"
EndProject
Project("{2150E333-8FDC-42A3-9474-1A3956D46DE8}") = "Build", "Build", "{F3A33157-46F2-4791-AD95-480224C4E774}"
	ProjectSection(SolutionItems) = preProject
		Build\SetVersions.ps1 = Build\SetVersions.ps1
	EndProjectSection
EndProject
Project("{FAE04EC0-301F-11D3-BF4B-00C04F79EFBC}") = "CSharpSdkWorkflowBaseClass", "ItemTemplates\CSharp\CSharpSdkWorkflowBaseClass\CSharpSdkWorkflowBaseClass.csproj", "{DE98394E-6FB5-49C2-9F3B-FE0AE1C36BF4}"
EndProject
Project("{FAE04EC0-301F-11D3-BF4B-00C04F79EFBC}") = "CSharpSdkWorkflowFromBaseClass", "ItemTemplates\CSharp\CSharpSdkWorkflowFromBaseClass\CSharpSdkWorkflowFromBaseClass.csproj", "{C39D35B0-897D-4BDD-B050-29B7C529A3E1}"
EndProject
Project("{2150E333-8FDC-42A3-9474-1A3956D46DE8}") = "OpenVsixSignTool", "OpenVsixSignTool", "{F96C2B14-9745-462E-A849-BFF4D881E82C}"
	ProjectSection(SolutionItems) = preProject
		Build\OpenVsixSignTool\certificate.pfx = Build\OpenVsixSignTool\certificate.pfx
		Build\OpenVsixSignTool\Microsoft.Azure.KeyVault.Core.dll = Build\OpenVsixSignTool\Microsoft.Azure.KeyVault.Core.dll
		Build\OpenVsixSignTool\Microsoft.Azure.KeyVault.Cryptography.dll = Build\OpenVsixSignTool\Microsoft.Azure.KeyVault.Cryptography.dll
		Build\OpenVsixSignTool\Microsoft.Azure.KeyVault.dll = Build\OpenVsixSignTool\Microsoft.Azure.KeyVault.dll
		Build\OpenVsixSignTool\Microsoft.Azure.KeyVault.WebKey.dll = Build\OpenVsixSignTool\Microsoft.Azure.KeyVault.WebKey.dll
		Build\OpenVsixSignTool\Microsoft.Extensions.CommandLineUtils.dll = Build\OpenVsixSignTool\Microsoft.Extensions.CommandLineUtils.dll
		Build\OpenVsixSignTool\Microsoft.IdentityModel.Clients.ActiveDirectory.dll = Build\OpenVsixSignTool\Microsoft.IdentityModel.Clients.ActiveDirectory.dll
		Build\OpenVsixSignTool\Microsoft.IdentityModel.Clients.ActiveDirectory.Platform.dll = Build\OpenVsixSignTool\Microsoft.IdentityModel.Clients.ActiveDirectory.Platform.dll
		Build\OpenVsixSignTool\Microsoft.Rest.ClientRuntime.Azure.dll = Build\OpenVsixSignTool\Microsoft.Rest.ClientRuntime.Azure.dll
		Build\OpenVsixSignTool\Microsoft.Rest.ClientRuntime.dll = Build\OpenVsixSignTool\Microsoft.Rest.ClientRuntime.dll
		Build\OpenVsixSignTool\Newtonsoft.Json.dll = Build\OpenVsixSignTool\Newtonsoft.Json.dll
		Build\OpenVsixSignTool\OpenVsixSignTool.Core.dll = Build\OpenVsixSignTool\OpenVsixSignTool.Core.dll
		Build\OpenVsixSignTool\OpenVsixSignTool.Core.pdb = Build\OpenVsixSignTool\OpenVsixSignTool.Core.pdb
		Build\OpenVsixSignTool\OpenVsixSignTool.exe = Build\OpenVsixSignTool\OpenVsixSignTool.exe
		Build\OpenVsixSignTool\OpenVsixSignTool.pdb = Build\OpenVsixSignTool\OpenVsixSignTool.pdb
		Build\OpenVsixSignTool\System.ValueTuple.dll = Build\OpenVsixSignTool\System.ValueTuple.dll
	EndProjectSection
EndProject
Global
	GlobalSection(SolutionConfigurationPlatforms) = preSolution
		Debug|Any CPU = Debug|Any CPU
		Release|Any CPU = Release|Any CPU
	EndGlobalSection
	GlobalSection(ProjectConfigurationPlatforms) = postSolution
		{EE23D830-8EB4-4313-9971-53A44900C169}.Debug|Any CPU.ActiveCfg = Debug|Any CPU
		{EE23D830-8EB4-4313-9971-53A44900C169}.Debug|Any CPU.Build.0 = Debug|Any CPU
		{EE23D830-8EB4-4313-9971-53A44900C169}.Release|Any CPU.ActiveCfg = Release|Any CPU
		{EE23D830-8EB4-4313-9971-53A44900C169}.Release|Any CPU.Build.0 = Release|Any CPU
		{E982F569-FFA3-49A8-A47D-09CE6C546FAB}.Debug|Any CPU.ActiveCfg = Debug|Any CPU
		{E982F569-FFA3-49A8-A47D-09CE6C546FAB}.Debug|Any CPU.Build.0 = Debug|Any CPU
		{E982F569-FFA3-49A8-A47D-09CE6C546FAB}.Release|Any CPU.ActiveCfg = Release|Any CPU
		{E982F569-FFA3-49A8-A47D-09CE6C546FAB}.Release|Any CPU.Build.0 = Release|Any CPU
		{1FCFDED4-CC12-4275-ADDF-7E62B70743CB}.Debug|Any CPU.ActiveCfg = Debug|Any CPU
		{1FCFDED4-CC12-4275-ADDF-7E62B70743CB}.Debug|Any CPU.Build.0 = Debug|Any CPU
		{1FCFDED4-CC12-4275-ADDF-7E62B70743CB}.Release|Any CPU.ActiveCfg = Release|Any CPU
		{1FCFDED4-CC12-4275-ADDF-7E62B70743CB}.Release|Any CPU.Build.0 = Release|Any CPU
		{BD5ABC7E-6459-4CFB-82BD-39643599A285}.Debug|Any CPU.ActiveCfg = Debug|Any CPU
		{BD5ABC7E-6459-4CFB-82BD-39643599A285}.Debug|Any CPU.Build.0 = Debug|Any CPU
		{BD5ABC7E-6459-4CFB-82BD-39643599A285}.Release|Any CPU.ActiveCfg = Release|Any CPU
		{BD5ABC7E-6459-4CFB-82BD-39643599A285}.Release|Any CPU.Build.0 = Release|Any CPU
		{7CC35EFB-7335-4AE1-8A54-317D071F9F12}.Debug|Any CPU.ActiveCfg = Debug|Any CPU
		{7CC35EFB-7335-4AE1-8A54-317D071F9F12}.Debug|Any CPU.Build.0 = Debug|Any CPU
		{7CC35EFB-7335-4AE1-8A54-317D071F9F12}.Release|Any CPU.ActiveCfg = Release|Any CPU
		{7CC35EFB-7335-4AE1-8A54-317D071F9F12}.Release|Any CPU.Build.0 = Release|Any CPU
		{38094843-6EF7-49AE-B9BE-369949D9F673}.Debug|Any CPU.ActiveCfg = Debug|Any CPU
		{38094843-6EF7-49AE-B9BE-369949D9F673}.Debug|Any CPU.Build.0 = Debug|Any CPU
		{38094843-6EF7-49AE-B9BE-369949D9F673}.Release|Any CPU.ActiveCfg = Release|Any CPU
		{38094843-6EF7-49AE-B9BE-369949D9F673}.Release|Any CPU.Build.0 = Release|Any CPU
		{899553DE-AC30-46DF-A1BD-53F64C90E01D}.Debug|Any CPU.ActiveCfg = Debug|Any CPU
		{899553DE-AC30-46DF-A1BD-53F64C90E01D}.Release|Any CPU.ActiveCfg = Release|Any CPU
		{D0B3703E-EE5C-4F59-96E4-3B111D8F9279}.Debug|Any CPU.ActiveCfg = Debug|Any CPU
		{D0B3703E-EE5C-4F59-96E4-3B111D8F9279}.Release|Any CPU.ActiveCfg = Release|Any CPU
		{657F7CD2-9A6D-440D-AA39-A629E5190021}.Debug|Any CPU.ActiveCfg = Debug|Any CPU
		{657F7CD2-9A6D-440D-AA39-A629E5190021}.Debug|Any CPU.Build.0 = Debug|Any CPU
		{657F7CD2-9A6D-440D-AA39-A629E5190021}.Release|Any CPU.ActiveCfg = Release|Any CPU
		{657F7CD2-9A6D-440D-AA39-A629E5190021}.Release|Any CPU.Build.0 = Release|Any CPU
		{40CCA5AF-458A-41C8-9B31-6294261B25E2}.Debug|Any CPU.ActiveCfg = Debug|Any CPU
		{40CCA5AF-458A-41C8-9B31-6294261B25E2}.Release|Any CPU.ActiveCfg = Release|Any CPU
		{64CA2809-ABE4-47A5-AB20-086578C1B847}.Debug|Any CPU.ActiveCfg = Debug|Any CPU
		{64CA2809-ABE4-47A5-AB20-086578C1B847}.Debug|Any CPU.Build.0 = Debug|Any CPU
		{64CA2809-ABE4-47A5-AB20-086578C1B847}.Release|Any CPU.ActiveCfg = Release|Any CPU
		{64CA2809-ABE4-47A5-AB20-086578C1B847}.Release|Any CPU.Build.0 = Release|Any CPU
		{61219409-56AD-43DE-83FB-98301E3D785A}.Debug|Any CPU.ActiveCfg = Debug|Any CPU
		{61219409-56AD-43DE-83FB-98301E3D785A}.Debug|Any CPU.Build.0 = Debug|Any CPU
		{61219409-56AD-43DE-83FB-98301E3D785A}.Release|Any CPU.ActiveCfg = Release|Any CPU
		{61219409-56AD-43DE-83FB-98301E3D785A}.Release|Any CPU.Build.0 = Release|Any CPU
		{C9AD3DE3-3F37-4949-8586-E59672F78922}.Debug|Any CPU.ActiveCfg = Debug|Any CPU
		{C9AD3DE3-3F37-4949-8586-E59672F78922}.Debug|Any CPU.Build.0 = Debug|Any CPU
		{C9AD3DE3-3F37-4949-8586-E59672F78922}.Release|Any CPU.ActiveCfg = Release|Any CPU
		{C9AD3DE3-3F37-4949-8586-E59672F78922}.Release|Any CPU.Build.0 = Release|Any CPU
		{B34A5217-0F6D-493F-B6DD-BB5CF091AB99}.Debug|Any CPU.ActiveCfg = Debug|Any CPU
		{B34A5217-0F6D-493F-B6DD-BB5CF091AB99}.Debug|Any CPU.Build.0 = Debug|Any CPU
		{B34A5217-0F6D-493F-B6DD-BB5CF091AB99}.Release|Any CPU.ActiveCfg = Release|Any CPU
		{B34A5217-0F6D-493F-B6DD-BB5CF091AB99}.Release|Any CPU.Build.0 = Release|Any CPU
		{55CB04B5-E053-4504-8773-2E03C594E68A}.Debug|Any CPU.ActiveCfg = Debug|Any CPU
		{55CB04B5-E053-4504-8773-2E03C594E68A}.Debug|Any CPU.Build.0 = Debug|Any CPU
		{55CB04B5-E053-4504-8773-2E03C594E68A}.Release|Any CPU.ActiveCfg = Release|Any CPU
		{55CB04B5-E053-4504-8773-2E03C594E68A}.Release|Any CPU.Build.0 = Release|Any CPU
		{86938D85-3B55-47FF-97FC-225764B987A8}.Debug|Any CPU.ActiveCfg = Debug|Any CPU
		{86938D85-3B55-47FF-97FC-225764B987A8}.Debug|Any CPU.Build.0 = Debug|Any CPU
		{86938D85-3B55-47FF-97FC-225764B987A8}.Release|Any CPU.ActiveCfg = Release|Any CPU
		{86938D85-3B55-47FF-97FC-225764B987A8}.Release|Any CPU.Build.0 = Release|Any CPU
		{0B7F7208-B7C4-4C79-BCBD-F5C0A46A5600}.Debug|Any CPU.ActiveCfg = Debug|Any CPU
		{0B7F7208-B7C4-4C79-BCBD-F5C0A46A5600}.Debug|Any CPU.Build.0 = Debug|Any CPU
		{0B7F7208-B7C4-4C79-BCBD-F5C0A46A5600}.Release|Any CPU.ActiveCfg = Release|Any CPU
		{0B7F7208-B7C4-4C79-BCBD-F5C0A46A5600}.Release|Any CPU.Build.0 = Release|Any CPU
		{CD9BBF13-B6A5-4DC0-A698-D1C323A63CC9}.Debug|Any CPU.ActiveCfg = Debug|Any CPU
		{CD9BBF13-B6A5-4DC0-A698-D1C323A63CC9}.Debug|Any CPU.Build.0 = Debug|Any CPU
		{CD9BBF13-B6A5-4DC0-A698-D1C323A63CC9}.Release|Any CPU.ActiveCfg = Release|Any CPU
		{CD9BBF13-B6A5-4DC0-A698-D1C323A63CC9}.Release|Any CPU.Build.0 = Release|Any CPU
		{97AA7ED6-5020-44E4-88E9-7D63F49FA766}.Debug|Any CPU.ActiveCfg = Debug|Any CPU
		{97AA7ED6-5020-44E4-88E9-7D63F49FA766}.Debug|Any CPU.Build.0 = Debug|Any CPU
		{97AA7ED6-5020-44E4-88E9-7D63F49FA766}.Release|Any CPU.ActiveCfg = Release|Any CPU
		{97AA7ED6-5020-44E4-88E9-7D63F49FA766}.Release|Any CPU.Build.0 = Release|Any CPU
		{E616F209-2233-4DB6-9493-94184472B01C}.Debug|Any CPU.ActiveCfg = Debug|Any CPU
		{E616F209-2233-4DB6-9493-94184472B01C}.Debug|Any CPU.Build.0 = Debug|Any CPU
		{E616F209-2233-4DB6-9493-94184472B01C}.Release|Any CPU.ActiveCfg = Release|Any CPU
		{E616F209-2233-4DB6-9493-94184472B01C}.Release|Any CPU.Build.0 = Release|Any CPU
		{E8D7659C-BB6B-4FDF-B0D8-6E6007F4696F}.Debug|Any CPU.ActiveCfg = Debug|Any CPU
		{E8D7659C-BB6B-4FDF-B0D8-6E6007F4696F}.Debug|Any CPU.Build.0 = Debug|Any CPU
		{E8D7659C-BB6B-4FDF-B0D8-6E6007F4696F}.Release|Any CPU.ActiveCfg = Release|Any CPU
		{E8D7659C-BB6B-4FDF-B0D8-6E6007F4696F}.Release|Any CPU.Build.0 = Release|Any CPU
		{A441E65D-EB41-4A68-90A4-E511BBA05A1A}.Debug|Any CPU.ActiveCfg = Debug|Any CPU
		{A441E65D-EB41-4A68-90A4-E511BBA05A1A}.Debug|Any CPU.Build.0 = Debug|Any CPU
		{A441E65D-EB41-4A68-90A4-E511BBA05A1A}.Release|Any CPU.ActiveCfg = Release|Any CPU
		{A441E65D-EB41-4A68-90A4-E511BBA05A1A}.Release|Any CPU.Build.0 = Release|Any CPU
		{7AA29DBF-A2E3-4565-A84A-B7694617E15E}.Debug|Any CPU.ActiveCfg = Debug|Any CPU
		{7AA29DBF-A2E3-4565-A84A-B7694617E15E}.Debug|Any CPU.Build.0 = Debug|Any CPU
		{7AA29DBF-A2E3-4565-A84A-B7694617E15E}.Release|Any CPU.ActiveCfg = Release|Any CPU
		{7AA29DBF-A2E3-4565-A84A-B7694617E15E}.Release|Any CPU.Build.0 = Release|Any CPU
		{99EAC9D1-C05D-4CAC-867E-E4862017F488}.Debug|Any CPU.ActiveCfg = Debug|Any CPU
		{99EAC9D1-C05D-4CAC-867E-E4862017F488}.Debug|Any CPU.Build.0 = Debug|Any CPU
		{99EAC9D1-C05D-4CAC-867E-E4862017F488}.Release|Any CPU.ActiveCfg = Release|Any CPU
		{99EAC9D1-C05D-4CAC-867E-E4862017F488}.Release|Any CPU.Build.0 = Release|Any CPU
		{1010F340-28A3-44BA-93E7-77CC68A18E23}.Debug|Any CPU.ActiveCfg = Debug|Any CPU
		{1010F340-28A3-44BA-93E7-77CC68A18E23}.Debug|Any CPU.Build.0 = Debug|Any CPU
		{1010F340-28A3-44BA-93E7-77CC68A18E23}.Release|Any CPU.ActiveCfg = Release|Any CPU
		{1010F340-28A3-44BA-93E7-77CC68A18E23}.Release|Any CPU.Build.0 = Release|Any CPU
		{968A8896-7E98-4BD9-9D27-2B28FCF6CC67}.Debug|Any CPU.ActiveCfg = Debug|Any CPU
		{968A8896-7E98-4BD9-9D27-2B28FCF6CC67}.Debug|Any CPU.Build.0 = Debug|Any CPU
		{968A8896-7E98-4BD9-9D27-2B28FCF6CC67}.Release|Any CPU.ActiveCfg = Release|Any CPU
		{968A8896-7E98-4BD9-9D27-2B28FCF6CC67}.Release|Any CPU.Build.0 = Release|Any CPU
		{9F7A8E0E-7091-4BB6-8225-9811A5C1985A}.Debug|Any CPU.ActiveCfg = Debug|Any CPU
		{9F7A8E0E-7091-4BB6-8225-9811A5C1985A}.Debug|Any CPU.Build.0 = Debug|Any CPU
		{9F7A8E0E-7091-4BB6-8225-9811A5C1985A}.Release|Any CPU.ActiveCfg = Release|Any CPU
		{9F7A8E0E-7091-4BB6-8225-9811A5C1985A}.Release|Any CPU.Build.0 = Release|Any CPU
		{0680411B-7F53-4595-847A-5406BA93FA4E}.Debug|Any CPU.ActiveCfg = Debug|Any CPU
		{0680411B-7F53-4595-847A-5406BA93FA4E}.Debug|Any CPU.Build.0 = Debug|Any CPU
		{0680411B-7F53-4595-847A-5406BA93FA4E}.Release|Any CPU.ActiveCfg = Release|Any CPU
		{0680411B-7F53-4595-847A-5406BA93FA4E}.Release|Any CPU.Build.0 = Release|Any CPU
		{DE98394E-6FB5-49C2-9F3B-FE0AE1C36BF4}.Debug|Any CPU.ActiveCfg = Debug|Any CPU
		{DE98394E-6FB5-49C2-9F3B-FE0AE1C36BF4}.Debug|Any CPU.Build.0 = Debug|Any CPU
		{DE98394E-6FB5-49C2-9F3B-FE0AE1C36BF4}.Release|Any CPU.ActiveCfg = Release|Any CPU
		{DE98394E-6FB5-49C2-9F3B-FE0AE1C36BF4}.Release|Any CPU.Build.0 = Release|Any CPU
		{C39D35B0-897D-4BDD-B050-29B7C529A3E1}.Debug|Any CPU.ActiveCfg = Debug|Any CPU
		{C39D35B0-897D-4BDD-B050-29B7C529A3E1}.Debug|Any CPU.Build.0 = Debug|Any CPU
		{C39D35B0-897D-4BDD-B050-29B7C529A3E1}.Release|Any CPU.ActiveCfg = Release|Any CPU
		{C39D35B0-897D-4BDD-B050-29B7C529A3E1}.Release|Any CPU.Build.0 = Release|Any CPU
	EndGlobalSection
	GlobalSection(SolutionProperties) = preSolution
		HideSolutionNode = FALSE
	EndGlobalSection
	GlobalSection(NestedProjects) = preSolution
		{E982F569-FFA3-49A8-A47D-09CE6C546FAB} = {F19ED035-AFA0-40A2-984E-CC3B56172015}
		{899553DE-AC30-46DF-A1BD-53F64C90E01D} = {347362E3-0529-4A7F-A49E-519E08378140}
		{D0B3703E-EE5C-4F59-96E4-3B111D8F9279} = {347362E3-0529-4A7F-A49E-519E08378140}
		{F19ED035-AFA0-40A2-984E-CC3B56172015} = {A6C39F2F-AD1B-49E7-A0E8-7B8357294EE4}
		{657F7CD2-9A6D-440D-AA39-A629E5190021} = {F19ED035-AFA0-40A2-984E-CC3B56172015}
		{40CCA5AF-458A-41C8-9B31-6294261B25E2} = {347362E3-0529-4A7F-A49E-519E08378140}
		{C9AD3DE3-3F37-4949-8586-E59672F78922} = {F19ED035-AFA0-40A2-984E-CC3B56172015}
		{B34A5217-0F6D-493F-B6DD-BB5CF091AB99} = {F19ED035-AFA0-40A2-984E-CC3B56172015}
		{55CB04B5-E053-4504-8773-2E03C594E68A} = {F19ED035-AFA0-40A2-984E-CC3B56172015}
		{86938D85-3B55-47FF-97FC-225764B987A8} = {F19ED035-AFA0-40A2-984E-CC3B56172015}
		{82F6B320-0999-4183-B6E4-C0097A6E331C} = {31DF01E8-DEB0-4516-B42F-C52595CEE170}
		{0B7F7208-B7C4-4C79-BCBD-F5C0A46A5600} = {82F6B320-0999-4183-B6E4-C0097A6E331C}
		{CD9BBF13-B6A5-4DC0-A698-D1C323A63CC9} = {82F6B320-0999-4183-B6E4-C0097A6E331C}
		{E8D7659C-BB6B-4FDF-B0D8-6E6007F4696F} = {82F6B320-0999-4183-B6E4-C0097A6E331C}
		{A441E65D-EB41-4A68-90A4-E511BBA05A1A} = {82F6B320-0999-4183-B6E4-C0097A6E331C}
		{7AA29DBF-A2E3-4565-A84A-B7694617E15E} = {82F6B320-0999-4183-B6E4-C0097A6E331C}
		{99EAC9D1-C05D-4CAC-867E-E4862017F488} = {82F6B320-0999-4183-B6E4-C0097A6E331C}
		{1010F340-28A3-44BA-93E7-77CC68A18E23} = {F19ED035-AFA0-40A2-984E-CC3B56172015}
		{968A8896-7E98-4BD9-9D27-2B28FCF6CC67} = {F19ED035-AFA0-40A2-984E-CC3B56172015}
		{9F7A8E0E-7091-4BB6-8225-9811A5C1985A} = {82F6B320-0999-4183-B6E4-C0097A6E331C}
		{0680411B-7F53-4595-847A-5406BA93FA4E} = {82F6B320-0999-4183-B6E4-C0097A6E331C}
		{DE98394E-6FB5-49C2-9F3B-FE0AE1C36BF4} = {82F6B320-0999-4183-B6E4-C0097A6E331C}
		{C39D35B0-897D-4BDD-B050-29B7C529A3E1} = {82F6B320-0999-4183-B6E4-C0097A6E331C}
		{F96C2B14-9745-462E-A849-BFF4D881E82C} = {F3A33157-46F2-4791-AD95-480224C4E774}
	EndGlobalSection
	GlobalSection(ExtensibilityGlobals) = postSolution
		SolutionGuid = {C31DE056-8008-4AC7-906A-748294E11C0E}
	EndGlobalSection
EndGlobal
